# THIS IS AN AUTOGENERATED FILE. DO NOT EDIT THIS FILE DIRECTLY.
# yarn lockfile v1


"@types/node@*":
  version "13.11.1"
  resolved "https://registry.yarnpkg.com/@types/node/-/node-13.11.1.tgz#49a2a83df9d26daacead30d0ccc8762b128d53c7"

"@types/ws@^7.2.3":
  version "7.2.3"
  resolved "https://registry.yarnpkg.com/@types/ws/-/ws-7.2.3.tgz#a3add56077ac6cc9396b9502c7252a1635922032"
  dependencies:
    "@types/node" "*"

ws@^7.2.3:
  version "7.2.3"
  resolved "https://registry.yarnpkg.com/ws/-/ws-7.2.3.tgz#a5411e1fb04d5ed0efee76d26d5c46d830c39b46"
